
Microsoft Visual Studio Solution File, Format Version 12.00
# Visual Studio Version 17
VisualStudioVersion = 17.0.31903.59
MinimumVisualStudioVersion = 10.0.40219.1
Project("{9A19103F-16F7-4668-BE54-9A1E7A4F7556}") = "IBM.Core", "IBM.Core\IBM.Core.csproj", "{589C9B10-55B5-45DE-869D-44A612F36CB5}"
EndProject
Project("{9A19103F-16F7-4668-BE54-9A1E7A4F7556}") = "IBM.Infrastructure", "IBM.Infraestructure\IBM.Infrastructure.csproj", "{437B7638-1107-410D-AE97-40A959769C81}"
EndProject
Project("{9A19103F-16F7-4668-BE54-9A1E7A4F7556}") = "IBM.Application", "IBM.Application\IBM.Application.csproj", "{5507DCE4-C450-4D0C-BE1A-B362C98FCB38}"
EndProject
Project("{2150E333-8FDC-42A3-9474-1A3956D46DE8}") = "src", "src", "{F687C0F6-1AE3-4E75-A60C-A8DB5FB3EBEE}"
EndProject
Project("{2150E333-8FDC-42A3-9474-1A3956D46DE8}") = "test", "test", "{A6228E2C-FEF3-44F9-A8AE-E0EEE140D8D9}"
EndProject
Project("{9A19103F-16F7-4668-BE54-9A1E7A4F7556}") = "IBM.API.Test", "IBM.API.Test\IBM.API.Test.csproj", "{7FB6B4FA-5F9B-405D-A211-58AEBD976343}"
EndProject
Project("{9A19103F-16F7-4668-BE54-9A1E7A4F7556}") = "IBM.Core.Test", "IBM.Core.Test\IBM.Core.Test.csproj", "{689FE8DF-C24F-49A6-8C7E-2B4B5A9AE034}"
EndProject
Project("{9A19103F-16F7-4668-BE54-9A1E7A4F7556}") = "IBM.Infrastructure.Test", "IBM.Infrastructure.Test\IBM.Infrastructure.Test.csproj", "{9409FAE5-0A57-4D3F-B31A-4AB2A8CBDC49}"
EndProject
Project("{9A19103F-16F7-4668-BE54-9A1E7A4F7556}") = "IBM.API", "IBM.API\IBM.API.csproj", "{E801FEFD-DE8D-4898-9ADD-5B1EEC424EBE}"
EndProject
Global
	GlobalSection(SolutionConfigurationPlatforms) = preSolution
		Debug|Any CPU = Debug|Any CPU
		Release|Any CPU = Release|Any CPU
	EndGlobalSection
	GlobalSection(ProjectConfigurationPlatforms) = postSolution
		{589C9B10-55B5-45DE-869D-44A612F36CB5}.Debug|Any CPU.ActiveCfg = Debug|Any CPU
		{589C9B10-55B5-45DE-869D-44A612F36CB5}.Debug|Any CPU.Build.0 = Debug|Any CPU
		{589C9B10-55B5-45DE-869D-44A612F36CB5}.Release|Any CPU.ActiveCfg = Release|Any CPU
		{589C9B10-55B5-45DE-869D-44A612F36CB5}.Release|Any CPU.Build.0 = Release|Any CPU
		{437B7638-1107-410D-AE97-40A959769C81}.Debug|Any CPU.ActiveCfg = Debug|Any CPU
		{437B7638-1107-410D-AE97-40A959769C81}.Debug|Any CPU.Build.0 = Debug|Any CPU
		{437B7638-1107-410D-AE97-40A959769C81}.Release|Any CPU.ActiveCfg = Release|Any CPU
		{437B7638-1107-410D-AE97-40A959769C81}.Release|Any CPU.Build.0 = Release|Any CPU
		{5507DCE4-C450-4D0C-BE1A-B362C98FCB38}.Debug|Any CPU.ActiveCfg = Debug|Any CPU
		{5507DCE4-C450-4D0C-BE1A-B362C98FCB38}.Debug|Any CPU.Build.0 = Debug|Any CPU
		{5507DCE4-C450-4D0C-BE1A-B362C98FCB38}.Release|Any CPU.ActiveCfg = Release|Any CPU
		{5507DCE4-C450-4D0C-BE1A-B362C98FCB38}.Release|Any CPU.Build.0 = Release|Any CPU
		{7FB6B4FA-5F9B-405D-A211-58AEBD976343}.Debug|Any CPU.ActiveCfg = Debug|Any CPU
		{7FB6B4FA-5F9B-405D-A211-58AEBD976343}.Debug|Any CPU.Build.0 = Debug|Any CPU
		{7FB6B4FA-5F9B-405D-A211-58AEBD976343}.Release|Any CPU.ActiveCfg = Release|Any CPU
		{7FB6B4FA-5F9B-405D-A211-58AEBD976343}.Release|Any CPU.Build.0 = Release|Any CPU
		{689FE8DF-C24F-49A6-8C7E-2B4B5A9AE034}.Debug|Any CPU.ActiveCfg = Debug|Any CPU
		{689FE8DF-C24F-49A6-8C7E-2B4B5A9AE034}.Debug|Any CPU.Build.0 = Debug|Any CPU
		{689FE8DF-C24F-49A6-8C7E-2B4B5A9AE034}.Release|Any CPU.ActiveCfg = Release|Any CPU
		{689FE8DF-C24F-49A6-8C7E-2B4B5A9AE034}.Release|Any CPU.Build.0 = Release|Any CPU
		{9409FAE5-0A57-4D3F-B31A-4AB2A8CBDC49}.Debug|Any CPU.ActiveCfg = Debug|Any CPU
		{9409FAE5-0A57-4D3F-B31A-4AB2A8CBDC49}.Debug|Any CPU.Build.0 = Debug|Any CPU
		{9409FAE5-0A57-4D3F-B31A-4AB2A8CBDC49}.Release|Any CPU.ActiveCfg = Release|Any CPU
		{9409FAE5-0A57-4D3F-B31A-4AB2A8CBDC49}.Release|Any CPU.Build.0 = Release|Any CPU
		{E801FEFD-DE8D-4898-9ADD-5B1EEC424EBE}.Debug|Any CPU.ActiveCfg = Debug|Any CPU
		{E801FEFD-DE8D-4898-9ADD-5B1EEC424EBE}.Debug|Any CPU.Build.0 = Debug|Any CPU
		{E801FEFD-DE8D-4898-9ADD-5B1EEC424EBE}.Release|Any CPU.ActiveCfg = Release|Any CPU
		{E801FEFD-DE8D-4898-9ADD-5B1EEC424EBE}.Release|Any CPU.Build.0 = Release|Any CPU
	EndGlobalSection
	GlobalSection(SolutionProperties) = preSolution
		HideSolutionNode = FALSE
	EndGlobalSection
	GlobalSection(NestedProjects) = preSolution
		{589C9B10-55B5-45DE-869D-44A612F36CB5} = {F687C0F6-1AE3-4E75-A60C-A8DB5FB3EBEE}
		{437B7638-1107-410D-AE97-40A959769C81} = {F687C0F6-1AE3-4E75-A60C-A8DB5FB3EBEE}
		{5507DCE4-C450-4D0C-BE1A-B362C98FCB38} = {F687C0F6-1AE3-4E75-A60C-A8DB5FB3EBEE}
		{7FB6B4FA-5F9B-405D-A211-58AEBD976343} = {A6228E2C-FEF3-44F9-A8AE-E0EEE140D8D9}
		{689FE8DF-C24F-49A6-8C7E-2B4B5A9AE034} = {A6228E2C-FEF3-44F9-A8AE-E0EEE140D8D9}
		{9409FAE5-0A57-4D3F-B31A-4AB2A8CBDC49} = {A6228E2C-FEF3-44F9-A8AE-E0EEE140D8D9}
		{E801FEFD-DE8D-4898-9ADD-5B1EEC424EBE} = {F687C0F6-1AE3-4E75-A60C-A8DB5FB3EBEE}
	EndGlobalSection
	GlobalSection(ExtensibilityGlobals) = postSolution
		SolutionGuid = {EC204BF3-1E05-415A-A18C-DDAE5D5AB825}
	EndGlobalSection
EndGlobal
